// !$*UTF8*$!
{
	archiveVersion = 1;
	classes = {
	};
	objectVersion = 46;
	objects = {

/* Begin PBXBuildFile section */
		490F90F51C1B29D100F296AA /* AppDelegate.swift in Sources */ = {isa = PBXBuildFile; fileRef = 490F90F41C1B29D100F296AA /* AppDelegate.swift */; };
		490F90F71C1B29D100F296AA /* ViewController.swift in Sources */ = {isa = PBXBuildFile; fileRef = 490F90F61C1B29D100F296AA /* ViewController.swift */; };
		490F90FA1C1B29D100F296AA /* Main.storyboard in Resources */ = {isa = PBXBuildFile; fileRef = 490F90F81C1B29D100F296AA /* Main.storyboard */; };
		490F90FC1C1B29D100F296AA /* Images.xcassets in Resources */ = {isa = PBXBuildFile; fileRef = 490F90FB1C1B29D100F296AA /* Images.xcassets */; };
		490F90FF1C1B29D100F296AA /* LaunchScreen.xib in Resources */ = {isa = PBXBuildFile; fileRef = 490F90FD1C1B29D100F296AA /* LaunchScreen.xib */; };
		490F910B1C1B29D100F296AA /* StupidIOSProjectTests.swift in Sources */ = {isa = PBXBuildFile; fileRef = 490F910A1C1B29D100F296AA /* StupidIOSProjectTests.swift */; };
/* End PBXBuildFile section */

/* Begin PBXContainerItemProxy section */
		490F91051C1B29D100F296AA /* PBXContainerItemProxy */ = {
			isa = PBXContainerItemProxy;
			containerPortal = 490F90E71C1B29D100F296AA /* Project object */;
			proxyType = 1;
			remoteGlobalIDString = 490F90EE1C1B29D100F296AA;
			remoteInfo = StupidIOSProject;
		};
/* End PBXContainerItemProxy section */

/* Begin PBXFileReference section */
		490F90EF1C1B29D100F296AA /* StupidIOSProject.app */ = {isa = PBXFileReference; explicitFileType = wrapper.application; includeInIndex = 0; path = StupidIOSProject.app; sourceTree = BUILT_PRODUCTS_DIR; };
		490F90F31C1B29D100F296AA /* Info.plist */ = {isa = PBXFileReference; lastKnownFileType = text.plist.xml; path = Info.plist; sourceTree = "<group>"; };
		490F90F41C1B29D100F296AA /* AppDelegate.swift */ = {isa = PBXFileReference; lastKnownFileType = sourcecode.swift; path = AppDelegate.swift; sourceTree = "<group>"; };
		490F90F61C1B29D100F296AA /* ViewController.swift */ = {isa = PBXFileReference; lastKnownFileType = sourcecode.swift; path = ViewController.swift; sourceTree = "<group>"; };
		490F90F91C1B29D100F296AA /* Base */ = {isa = PBXFileReference; lastKnownFileType = file.storyboard; name = Base; path = Base.lproj/Main.storyboard; sourceTree = "<group>"; };
		490F90FB1C1B29D100F296AA /* Images.xcassets */ = {isa = PBXFileReference; lastKnownFileType = folder.assetcatalog; path = Images.xcassets; sourceTree = "<group>"; };
		490F90FE1C1B29D100F296AA /* Base */ = {isa = PBXFileReference; lastKnownFileType = file.xib; name = Base; path = Base.lproj/LaunchScreen.xib; sourceTree = "<group>"; };
		490F91041C1B29D100F296AA /* StupidIOSProjectTests.xctest */ = {isa = PBXFileReference; explicitFileType = wrapper.cfbundle; includeInIndex = 0; path = StupidIOSProjectTests.xctest; sourceTree = BUILT_PRODUCTS_DIR; };
		490F91091C1B29D100F296AA /* Info.plist */ = {isa = PBXFileReference; lastKnownFileType = text.plist.xml; path = Info.plist; sourceTree = "<group>"; };
		490F910A1C1B29D100F296AA /* StupidIOSProjectTests.swift */ = {isa = PBXFileReference; lastKnownFileType = sourcecode.swift; path = StupidIOSProjectTests.swift; sourceTree = "<group>"; };
/* End PBXFileReference section */

/* Begin PBXFrameworksBuildPhase section */
		490F90EC1C1B29D100F296AA /* Frameworks */ = {
			isa = PBXFrameworksBuildPhase;
			buildActionMask = 2147483647;
			files = (
			);
			runOnlyForDeploymentPostprocessing = 0;
		};
		490F91011C1B29D100F296AA /* Frameworks */ = {
			isa = PBXFrameworksBuildPhase;
			buildActionMask = 2147483647;
			files = (
			);
			runOnlyForDeploymentPostprocessing = 0;
		};
/* End PBXFrameworksBuildPhase section */

/* Begin PBXGroup section */
		490F90E61C1B29D100F296AA = {
			isa = PBXGroup;
			children = (
				490F90F11C1B29D100F296AA /* StupidIOSProject */,
				490F91071C1B29D100F296AA /* StupidIOSProjectTests */,
				490F90F01C1B29D100F296AA /* Products */,
			);
			sourceTree = "<group>";
		};
		490F90F01C1B29D100F296AA /* Products */ = {
			isa = PBXGroup;
			children = (
				490F90EF1C1B29D100F296AA /* StupidIOSProject.app */,
				490F91041C1B29D100F296AA /* StupidIOSProjectTests.xctest */,
			);
			name = Products;
			sourceTree = "<group>";
		};
		490F90F11C1B29D100F296AA /* StupidIOSProject */ = {
			isa = PBXGroup;
			children = (
				490F90F41C1B29D100F296AA /* AppDelegate.swift */,
				490F90F61C1B29D100F296AA /* ViewController.swift */,
				490F90F81C1B29D100F296AA /* Main.storyboard */,
				490F90FB1C1B29D100F296AA /* Images.xcassets */,
				490F90FD1C1B29D100F296AA /* LaunchScreen.xib */,
				490F90F21C1B29D100F296AA /* Supporting Files */,
			);
			path = StupidIOSProject;
			sourceTree = "<group>";
		};
		490F90F21C1B29D100F296AA /* Supporting Files */ = {
			isa = PBXGroup;
			children = (
				490F90F31C1B29D100F296AA /* Info.plist */,
			);
			name = "Supporting Files";
			sourceTree = "<group>";
		};
		490F91071C1B29D100F296AA /* StupidIOSProjectTests */ = {
			isa = PBXGroup;
			children = (
				490F910A1C1B29D100F296AA /* StupidIOSProjectTests.swift */,
				490F91081C1B29D100F296AA /* Supporting Files */,
			);
			path = StupidIOSProjectTests;
			sourceTree = "<group>";
		};
		490F91081C1B29D100F296AA /* Supporting Files */ = {
			isa = PBXGroup;
			children = (
				490F91091C1B29D100F296AA /* Info.plist */,
			);
			name = "Supporting Files";
			sourceTree = "<group>";
		};
/* End PBXGroup section */

/* Begin PBXNativeTarget section */
		490F90EE1C1B29D100F296AA /* StupidIOSProject */ = {
			isa = PBXNativeTarget;
			buildConfigurationList = 490F910E1C1B29D100F296AA /* Build configuration list for PBXNativeTarget "StupidIOSProject" */;
			buildPhases = (
				490F90EB1C1B29D100F296AA /* Sources */,
				490F90EC1C1B29D100F296AA /* Frameworks */,
				490F90ED1C1B29D100F296AA /* Resources */,
			);
			buildRules = (
			);
			dependencies = (
			);
			name = StupidIOSProject;
			productName = StupidIOSProject;
			productReference = 490F90EF1C1B29D100F296AA /* StupidIOSProject.app */;
			productType = "com.apple.product-type.application";
		};
		490F91031C1B29D100F296AA /* StupidIOSProjectTests */ = {
			isa = PBXNativeTarget;
			buildConfigurationList = 490F91111C1B29D100F296AA /* Build configuration list for PBXNativeTarget "StupidIOSProjectTests" */;
			buildPhases = (
				490F91001C1B29D100F296AA /* Sources */,
				490F91011C1B29D100F296AA /* Frameworks */,
				490F91021C1B29D100F296AA /* Resources */,
			);
			buildRules = (
			);
			dependencies = (
				490F91061C1B29D100F296AA /* PBXTargetDependency */,
			);
			name = StupidIOSProjectTests;
			productName = StupidIOSProjectTests;
			productReference = 490F91041C1B29D100F296AA /* StupidIOSProjectTests.xctest */;
			productType = "com.apple.product-type.bundle.unit-test";
		};
/* End PBXNativeTarget section */

/* Begin PBXProject section */
		490F90E71C1B29D100F296AA /* Project object */ = {
			isa = PBXProject;
			attributes = {
				LastSwiftUpdateCheck = 0720;
				LastUpgradeCheck = 0630;
				ORGANIZATIONNAME = CTEC;
				TargetAttributes = {
					490F90EE1C1B29D100F296AA = {
						CreatedOnToolsVersion = 6.3.2;
					};
					490F91031C1B29D100F296AA = {
						CreatedOnToolsVersion = 6.3.2;
						TestTargetID = 490F90EE1C1B29D100F296AA;
					};
				};
			};
			buildConfigurationList = 490F90EA1C1B29D100F296AA /* Build configuration list for PBXProject "StupidIOSProject" */;
			compatibilityVersion = "Xcode 3.2";
			developmentRegion = English;
			hasScannedForEncodings = 0;
			knownRegions = (
				en,
				Base,
			);
			mainGroup = 490F90E61C1B29D100F296AA;
			productRefGroup = 490F90F01C1B29D100F296AA /* Products */;
			projectDirPath = "";
			projectRoot = "";
			targets = (
				490F90EE1C1B29D100F296AA /* StupidIOSProject */,
				490F91031C1B29D100F296AA /* StupidIOSProjectTests */,
			);
		};
/* End PBXProject section */

/* Begin PBXResourcesBuildPhase section */
		490F90ED1C1B29D100F296AA /* Resources */ = {
			isa = PBXResourcesBuildPhase;
			buildActionMask = 2147483647;
			files = (
				490F90FA1C1B29D100F296AA /* Main.storyboard in Resources */,
				490F90FF1C1B29D100F296AA /* LaunchScreen.xib in Resources */,
				490F90FC1C1B29D100F296AA /* Images.xcassets in Resources */,
			);
			runOnlyForDeploymentPostprocessing = 0;
		};
		490F91021C1B29D100F296AA /* Resources */ = {
			isa = PBXResourcesBuildPhase;
			buildActionMask = 2147483647;
			files = (
			);
			runOnlyForDeploymentPostprocessing = 0;
		};
/* End PBXResourcesBuildPhase section */

/* Begin PBXSourcesBuildPhase section */
		490F90EB1C1B29D100F296AA /* Sources */ = {
			isa = PBXSourcesBuildPhase;
			buildActionMask = 2147483647;
			files = (
				490F90F71C1B29D100F296AA /* ViewController.swift in Sources */,
				490F90F51C1B29D100F296AA /* AppDelegate.swift in Sources */,
			);
			runOnlyForDeploymentPostprocessing = 0;
		};
		490F91001C1B29D100F296AA /* Sources */ = {
			isa = PBXSourcesBuildPhase;
			buildActionMask = 2147483647;
			files = (
				490F910B1C1B29D100F296AA /* StupidIOSProjectTests.swift in Sources */,
			);
			runOnlyForDeploymentPostprocessing = 0;
		};
/* End PBXSourcesBuildPhase section */

/* Begin PBXTargetDependency section */
		490F91061C1B29D100F296AA /* PBXTargetDependency */ = {
			isa = PBXTargetDependency;
			target = 490F90EE1C1B29D100F296AA /* StupidIOSProject */;
			targetProxy = 490F91051C1B29D100F296AA /* PBXContainerItemProxy */;
		};
/* End PBXTargetDependency section */

/* Begin PBXVariantGroup section */
		490F90F81C1B29D100F296AA /* Main.storyboard */ = {
			isa = PBXVariantGroup;
			children = (
				490F90F91C1B29D100F296AA /* Base */,
			);
			name = Main.storyboard;
			sourceTree = "<group>";
		};
		490F90FD1C1B29D100F296AA /* LaunchScreen.xib */ = {
			isa = PBXVariantGroup;
			children = (
				490F90FE1C1B29D100F296AA /* Base */,
			);
			name = LaunchScreen.xib;
			sourceTree = "<group>";
		};
/* End PBXVariantGroup section */

/* Begin XCBuildConfiguration section */
		490F910C1C1B29D100F296AA /* Debug */ = {
			isa = XCBuildConfiguration;
			buildSettings = {
				ALWAYS_SEARCH_USER_PATHS = NO;
				CLANG_CXX_LANGUAGE_STANDARD = "gnu++0x";
				CLANG_CXX_LIBRARY = "libc++";
				CLANG_ENABLE_MODULES = YES;
				CLANG_ENABLE_OBJC_ARC = YES;
				CLANG_WARN_BOOL_CONVERSION = YES;
				CLANG_WARN_CONSTANT_CONVERSION = YES;
				CLANG_WARN_DIRECT_OBJC_ISA_USAGE = YES_ERROR;
				CLANG_WARN_EMPTY_BODY = YES;
				CLANG_WARN_ENUM_CONVERSION = YES;
				CLANG_WARN_INT_CONVERSION = YES;
				CLANG_WARN_OBJC_ROOT_CLASS = YES_ERROR;
				CLANG_WARN_UNREACHABLE_CODE = YES;
				CLANG_WARN__DUPLICATE_METHOD_MATCH = YES;
				"CODE_SIGN_IDENTITY[sdk=iphoneos*]" = "iPhone Developer";
				COPY_PHASE_STRIP = NO;
				DEBUG_INFORMATION_FORMAT = "dwarf-with-dsym";
				ENABLE_STRICT_OBJC_MSGSEND = YES;
				GCC_C_LANGUAGE_STANDARD = gnu99;
				GCC_DYNAMIC_NO_PIC = NO;
				GCC_NO_COMMON_BLOCKS = YES;
				GCC_OPTIMIZATION_LEVEL = 0;
				GCC_PREPROCESSOR_DEFINITIONS = (
					"DEBUG=1",
					"$(inherited)",
				);
				GCC_SYMBOLS_PRIVATE_EXTERN = NO;
				GCC_WARN_64_TO_32_BIT_CONVERSION = YES;
				GCC_WARN_ABOUT_RETURN_TYPE = YES_ERROR;
				GCC_WARN_UNDECLARED_SELECTOR = YES;
				GCC_WARN_UNINITIALIZED_AUTOS = YES_AGGRESSIVE;
				GCC_WARN_UNUSED_FUNCTION = YES;
				GCC_WARN_UNUSED_VARIABLE = YES;
				IPHONEOS_DEPLOYMENT_TARGET = 8.3;
				MTL_ENABLE_DEBUG_INFO = YES;
				ONLY_ACTIVE_ARCH = YES;
				SDKROOT = iphoneos;
				SWIFT_OPTIMIZATION_LEVEL = "-Onone";
				TARGETED_DEVICE_FAMILY = "1,2";
			};
			name = Debug;
		};
		490F910D1C1B29D100F296AA /* Release */ = {
			isa = XCBuildConfiguration;
			buildSettings = {
				ALWAYS_SEARCH_USER_PATHS = NO;
				CLANG_CXX_LANGUAGE_STANDARD = "gnu++0x";
				CLANG_CXX_LIBRARY = "libc++";
				CLANG_ENABLE_MODULES = YES;
				CLANG_ENABLE_OBJC_ARC = YES;
				CLANG_WARN_BOOL_CONVERSION = YES;
				CLANG_WARN_CONSTANT_CONVERSION = YES;
				CLANG_WARN_DIRECT_OBJC_ISA_USAGE = YES_ERROR;
				CLANG_WARN_EMPTY_BODY = YES;
				CLANG_WARN_ENUM_CONVERSION = YES;
				CLANG_WARN_INT_CONVERSION = YES;
				CLANG_WARN_OBJC_ROOT_CLASS = YES_ERROR;
				CLANG_WARN_UNREACHABLE_CODE = YES;
				CLANG_WARN__DUPLICATE_METHOD_MATCH = YES;
				"CODE_SIGN_IDENTITY[sdk=iphoneos*]" = "iPhone Developer";
				COPY_PHASE_STRIP = NO;
				DEBUG_INFORMATION_FORMAT = "dwarf-with-dsym";
				ENABLE_NS_ASSERTIONS = NO;
				ENABLE_STRICT_OBJC_MSGSEND = YES;
				GCC_C_LANGUAGE_STANDARD = gnu99;
				GCC_NO_COMMON_BLOCKS = YES;
				GCC_WARN_64_TO_32_BIT_CONVERSION = YES;
				GCC_WARN_ABOUT_RETURN_TYPE = YES_ERROR;
				GCC_WARN_UNDECLARED_SELECTOR = YES;
				GCC_WARN_UNINITIALIZED_AUTOS = YES_AGGRESSIVE;
				GCC_WARN_UNUSED_FUNCTION = YES;
				GCC_WARN_UNUSED_VARIABLE = YES;
				IPHONEOS_DEPLOYMENT_TARGET = 8.3;
				MTL_ENABLE_DEBUG_INFO = NO;
				SDKROOT = iphoneos;
				TARGETED_DEVICE_FAMILY = "1,2";
				VALIDATE_PRODUCT = YES;
			};
			name = Release;
		};
		490F910F1C1B29D100F296AA /* Debug */ = {
			isa = XCBuildConfiguration;
			buildSettings = {
				ASSETCATALOG_COMPILER_APPICON_NAME = AppIcon;
				INFOPLIST_FILE = StupidIOSProject/Info.plist;
				LD_RUNPATH_SEARCH_PATHS = "$(inherited) @executable_path/Frameworks";
				PRODUCT_NAME = "$(TARGET_NAME)";
			};
			name = Debug;
		};
		490F91101C1B29D100F296AA /* Release */ = {
			isa = XCBuildConfiguration;
			buildSettings = {
				ASSETCATALOG_COMPILER_APPICON_NAME = AppIcon;
				INFOPLIST_FILE = StupidIOSProject/Info.plist;
				LD_RUNPATH_SEARCH_PATHS = "$(inherited) @executable_path/Frameworks";
				PRODUCT_NAME = "$(TARGET_NAME)";
			};
			name = Release;
		};
		490F91121C1B29D100F296AA /* Debug */ = {
			isa = XCBuildConfiguration;
			buildSettings = {
				BUNDLE_LOADER = "$(TEST_HOST)";
				FRAMEWORK_SEARCH_PATHS = (
					"$(SDKROOT)/Developer/Library/Frameworks",
					"$(inherited)",
				);
				GCC_PREPROCESSOR_DEFINITIONS = (
					"DEBUG=1",
					"$(inherited)",
				);
				INFOPLIST_FILE = StupidIOSProjectTests/Info.plist;
				LD_RUNPATH_SEARCH_PATHS = "$(inherited) @executable_path/Frameworks @loader_path/Frameworks";
				PRODUCT_NAME = "$(TARGET_NAME)";
				TEST_HOST = "$(BUILT_PRODUCTS_DIR)/StupidIOSProject.app/StupidIOSProject";
			};
			name = Debug;
		};
		490F91131C1B29D100F296AA /* Release */ = {
			isa = XCBuildConfiguration;
			buildSettings = {
				BUNDLE_LOADER = "$(TEST_HOST)";
				FRAMEWORK_SEARCH_PATHS = (
					"$(SDKROOT)/Developer/Library/Frameworks",
					"$(inherited)",
				);
				INFOPLIST_FILE = StupidIOSProjectTests/Info.plist;
				LD_RUNPATH_SEARCH_PATHS = "$(inherited) @executable_path/Frameworks @loader_path/Frameworks";
				PRODUCT_NAME = "$(TARGET_NAME)";
				TEST_HOST = "$(BUILT_PRODUCTS_DIR)/StupidIOSProject.app/StupidIOSProject";
			};
			name = Release;
		};
/* End XCBuildConfiguration section */

/* Begin XCConfigurationList section */
		490F90EA1C1B29D100F296AA /* Build configuration list for PBXProject "StupidIOSProject" */ = {
			isa = XCConfigurationList;
			buildConfigurations = (
				490F910C1C1B29D100F296AA /* Debug */,
				490F910D1C1B29D100F296AA /* Release */,
			);
			defaultConfigurationIsVisible = 0;
			defaultConfigurationName = Release;
		};
		490F910E1C1B29D100F296AA /* Build configuration list for PBXNativeTarget "StupidIOSProject" */ = {
			isa = XCConfigurationList;
			buildConfigurations = (
				490F910F1C1B29D100F296AA /* Debug */,
				490F91101C1B29D100F296AA /* Release */,
			);
			defaultConfigurationIsVisible = 0;
			defaultConfigurationName = Release;
		};
		490F91111C1B29D100F296AA /* Build configuration list for PBXNativeTarget "StupidIOSProjectTests" */ = {
			isa = XCConfigurationList;
			buildConfigurations = (
				490F91121C1B29D100F296AA /* Debug */,
				490F91131C1B29D100F296AA /* Release */,
			);
			defaultConfigurationIsVisible = 0;
			defaultConfigurationName = Release;
		};
/* End XCConfigurationList section */
	};
	rootObject = 490F90E71C1B29D100F296AA /* Project object */;
}
